
Microsoft Visual Studio Solution File, Format Version 12.00
# Visual Studio Version 17
VisualStudioVersion = 17.0.31903.59
MinimumVisualStudioVersion = 10.0.40219.1
Project("{2150E333-8FDC-42A3-9474-1A3956D46DE8}") = "src", "src", "{78AD6D24-1781-47DE-A6D9-CB16A7FD2FAF}"
EndProject
Project("{2150E333-8FDC-42A3-9474-1A3956D46DE8}") = "corePackages", "corePackages", "{460489F5-6783-4063-8BFF-6CEB4A3D698A}"
EndProject
Project("{2150E333-8FDC-42A3-9474-1A3956D46DE8}") = "mysteryBijouterie", "mysteryBijouterie", "{7B4CA703-589C-4060-A5F1-8D0DF57812EE}"
EndProject
Project("{9A19103F-16F7-4668-BE54-9A1E7A4F7556}") = "Application", "src\mysteryBijouterie\Application\Application.csproj", "{ACABBC47-9D71-48AF-828C-52129BF53F70}"
EndProject
Project("{9A19103F-16F7-4668-BE54-9A1E7A4F7556}") = "Domain", "src\mysteryBijouterie\Domain\Domain.csproj", "{F48BA4CB-5DAE-4F74-9446-49ED33BC1890}"
EndProject
Project("{9A19103F-16F7-4668-BE54-9A1E7A4F7556}") = "Infrastructure", "src\mysteryBijouterie\Infrastructure\Infrastructure.csproj", "{F4B750C6-BD30-4305-99CD-CD9B4F428185}"
EndProject
Project("{9A19103F-16F7-4668-BE54-9A1E7A4F7556}") = "Persistence", "src\mysteryBijouterie\Persistence\Persistence.csproj", "{842B7E20-14DD-4B00-968A-B29EC874FFEC}"
EndProject
Project("{9A19103F-16F7-4668-BE54-9A1E7A4F7556}") = "WebAPI", "src\mysteryBijouterie\WebAPI\WebAPI.csproj", "{B36994C7-959D-496E-8528-E84E2AF9799F}"
EndProject
Project("{9A19103F-16F7-4668-BE54-9A1E7A4F7556}") = "Core.Application", "src\corePackages\Core.Application\Core.Application.csproj", "{C2EE7C9D-3A4F-40D4-BECE-3E3C9D7D3153}"
EndProject
Project("{9A19103F-16F7-4668-BE54-9A1E7A4F7556}") = "Core.CrossCuttingConcerns", "src\corePackages\Core.CrossCuttingConcerns\Core.CrossCuttingConcerns.csproj", "{DCFF1F18-A2AB-4486-AC92-14B8560313CB}"
EndProject
Project("{9A19103F-16F7-4668-BE54-9A1E7A4F7556}") = "Core.ElasticSearch", "src\corePackages\Core.ElasticSearch\Core.ElasticSearch.csproj", "{AD594A46-DDAF-472B-9DF6-5976119B8323}"
EndProject
Project("{9A19103F-16F7-4668-BE54-9A1E7A4F7556}") = "Core.Http", "src\corePackages\Core.Http\Core.Http.csproj", "{BD900078-3E0B-4D8F-B43B-5C82F09485C6}"
EndProject
Project("{9A19103F-16F7-4668-BE54-9A1E7A4F7556}") = "Core.Mailing", "src\corePackages\Core.Mailing\Core.Mailing.csproj", "{5DAFBABC-FD62-424C-8A09-8B3B06A11471}"
EndProject
Project("{9A19103F-16F7-4668-BE54-9A1E7A4F7556}") = "Core.Persistence", "src\corePackages\Core.Persistence\Core.Persistence.csproj", "{17343226-13AC-45D2-B9CE-BD81BDFBE7AA}"
EndProject
Project("{9A19103F-16F7-4668-BE54-9A1E7A4F7556}") = "Core.Security", "src\corePackages\Core.Security\Core.Security.csproj", "{9AE4F7B9-337E-4EC7-9C77-9958432E47FC}"
EndProject
Project("{9A19103F-16F7-4668-BE54-9A1E7A4F7556}") = "Core.Test", "src\corePackages\Core.Test\Core.Test.csproj", "{6C9227E4-3E6D-4C40-B55C-070FC4E1D02C}"
EndProject
Project("{9A19103F-16F7-4668-BE54-9A1E7A4F7556}") = "Core.WebAPI", "src\corePackages\Core.WebAPI\Core.WebAPI.csproj", "{BDADB8B6-4CE2-40BA-931B-ACFB6F8E8101}"
EndProject
Global
	GlobalSection(SolutionConfigurationPlatforms) = preSolution
		Debug|Any CPU = Debug|Any CPU
		Release|Any CPU = Release|Any CPU
	EndGlobalSection
	GlobalSection(ProjectConfigurationPlatforms) = postSolution
		{ACABBC47-9D71-48AF-828C-52129BF53F70}.Debug|Any CPU.ActiveCfg = Debug|Any CPU
		{ACABBC47-9D71-48AF-828C-52129BF53F70}.Debug|Any CPU.Build.0 = Debug|Any CPU
		{ACABBC47-9D71-48AF-828C-52129BF53F70}.Release|Any CPU.ActiveCfg = Release|Any CPU
		{ACABBC47-9D71-48AF-828C-52129BF53F70}.Release|Any CPU.Build.0 = Release|Any CPU
		{F48BA4CB-5DAE-4F74-9446-49ED33BC1890}.Debug|Any CPU.ActiveCfg = Debug|Any CPU
		{F48BA4CB-5DAE-4F74-9446-49ED33BC1890}.Debug|Any CPU.Build.0 = Debug|Any CPU
		{F48BA4CB-5DAE-4F74-9446-49ED33BC1890}.Release|Any CPU.ActiveCfg = Release|Any CPU
		{F48BA4CB-5DAE-4F74-9446-49ED33BC1890}.Release|Any CPU.Build.0 = Release|Any CPU
		{F4B750C6-BD30-4305-99CD-CD9B4F428185}.Debug|Any CPU.ActiveCfg = Debug|Any CPU
		{F4B750C6-BD30-4305-99CD-CD9B4F428185}.Debug|Any CPU.Build.0 = Debug|Any CPU
		{F4B750C6-BD30-4305-99CD-CD9B4F428185}.Release|Any CPU.ActiveCfg = Release|Any CPU
		{F4B750C6-BD30-4305-99CD-CD9B4F428185}.Release|Any CPU.Build.0 = Release|Any CPU
		{842B7E20-14DD-4B00-968A-B29EC874FFEC}.Debug|Any CPU.ActiveCfg = Debug|Any CPU
		{842B7E20-14DD-4B00-968A-B29EC874FFEC}.Debug|Any CPU.Build.0 = Debug|Any CPU
		{842B7E20-14DD-4B00-968A-B29EC874FFEC}.Release|Any CPU.ActiveCfg = Release|Any CPU
		{842B7E20-14DD-4B00-968A-B29EC874FFEC}.Release|Any CPU.Build.0 = Release|Any CPU
		{B36994C7-959D-496E-8528-E84E2AF9799F}.Debug|Any CPU.ActiveCfg = Debug|Any CPU
		{B36994C7-959D-496E-8528-E84E2AF9799F}.Debug|Any CPU.Build.0 = Debug|Any CPU
		{B36994C7-959D-496E-8528-E84E2AF9799F}.Release|Any CPU.ActiveCfg = Release|Any CPU
		{B36994C7-959D-496E-8528-E84E2AF9799F}.Release|Any CPU.Build.0 = Release|Any CPU
		{C2EE7C9D-3A4F-40D4-BECE-3E3C9D7D3153}.Debug|Any CPU.ActiveCfg = Debug|Any CPU
		{C2EE7C9D-3A4F-40D4-BECE-3E3C9D7D3153}.Debug|Any CPU.Build.0 = Debug|Any CPU
		{C2EE7C9D-3A4F-40D4-BECE-3E3C9D7D3153}.Release|Any CPU.ActiveCfg = Release|Any CPU
		{C2EE7C9D-3A4F-40D4-BECE-3E3C9D7D3153}.Release|Any CPU.Build.0 = Release|Any CPU
		{DCFF1F18-A2AB-4486-AC92-14B8560313CB}.Debug|Any CPU.ActiveCfg = Debug|Any CPU
		{DCFF1F18-A2AB-4486-AC92-14B8560313CB}.Debug|Any CPU.Build.0 = Debug|Any CPU
		{DCFF1F18-A2AB-4486-AC92-14B8560313CB}.Release|Any CPU.ActiveCfg = Release|Any CPU
		{DCFF1F18-A2AB-4486-AC92-14B8560313CB}.Release|Any CPU.Build.0 = Release|Any CPU
		{AD594A46-DDAF-472B-9DF6-5976119B8323}.Debug|Any CPU.ActiveCfg = Debug|Any CPU
		{AD594A46-DDAF-472B-9DF6-5976119B8323}.Debug|Any CPU.Build.0 = Debug|Any CPU
		{AD594A46-DDAF-472B-9DF6-5976119B8323}.Release|Any CPU.ActiveCfg = Release|Any CPU
		{AD594A46-DDAF-472B-9DF6-5976119B8323}.Release|Any CPU.Build.0 = Release|Any CPU
		{BD900078-3E0B-4D8F-B43B-5C82F09485C6}.Debug|Any CPU.ActiveCfg = Debug|Any CPU
		{BD900078-3E0B-4D8F-B43B-5C82F09485C6}.Debug|Any CPU.Build.0 = Debug|Any CPU
		{BD900078-3E0B-4D8F-B43B-5C82F09485C6}.Release|Any CPU.ActiveCfg = Release|Any CPU
		{BD900078-3E0B-4D8F-B43B-5C82F09485C6}.Release|Any CPU.Build.0 = Release|Any CPU
		{5DAFBABC-FD62-424C-8A09-8B3B06A11471}.Debug|Any CPU.ActiveCfg = Debug|Any CPU
		{5DAFBABC-FD62-424C-8A09-8B3B06A11471}.Debug|Any CPU.Build.0 = Debug|Any CPU
		{5DAFBABC-FD62-424C-8A09-8B3B06A11471}.Release|Any CPU.ActiveCfg = Release|Any CPU
		{5DAFBABC-FD62-424C-8A09-8B3B06A11471}.Release|Any CPU.Build.0 = Release|Any CPU
		{17343226-13AC-45D2-B9CE-BD81BDFBE7AA}.Debug|Any CPU.ActiveCfg = Debug|Any CPU
		{17343226-13AC-45D2-B9CE-BD81BDFBE7AA}.Debug|Any CPU.Build.0 = Debug|Any CPU
		{17343226-13AC-45D2-B9CE-BD81BDFBE7AA}.Release|Any CPU.ActiveCfg = Release|Any CPU
		{17343226-13AC-45D2-B9CE-BD81BDFBE7AA}.Release|Any CPU.Build.0 = Release|Any CPU
		{9AE4F7B9-337E-4EC7-9C77-9958432E47FC}.Debug|Any CPU.ActiveCfg = Debug|Any CPU
		{9AE4F7B9-337E-4EC7-9C77-9958432E47FC}.Debug|Any CPU.Build.0 = Debug|Any CPU
		{9AE4F7B9-337E-4EC7-9C77-9958432E47FC}.Release|Any CPU.ActiveCfg = Release|Any CPU
		{9AE4F7B9-337E-4EC7-9C77-9958432E47FC}.Release|Any CPU.Build.0 = Release|Any CPU
		{6C9227E4-3E6D-4C40-B55C-070FC4E1D02C}.Debug|Any CPU.ActiveCfg = Debug|Any CPU
		{6C9227E4-3E6D-4C40-B55C-070FC4E1D02C}.Debug|Any CPU.Build.0 = Debug|Any CPU
		{6C9227E4-3E6D-4C40-B55C-070FC4E1D02C}.Release|Any CPU.ActiveCfg = Release|Any CPU
		{6C9227E4-3E6D-4C40-B55C-070FC4E1D02C}.Release|Any CPU.Build.0 = Release|Any CPU
		{BDADB8B6-4CE2-40BA-931B-ACFB6F8E8101}.Debug|Any CPU.ActiveCfg = Debug|Any CPU
		{BDADB8B6-4CE2-40BA-931B-ACFB6F8E8101}.Debug|Any CPU.Build.0 = Debug|Any CPU
		{BDADB8B6-4CE2-40BA-931B-ACFB6F8E8101}.Release|Any CPU.ActiveCfg = Release|Any CPU
		{BDADB8B6-4CE2-40BA-931B-ACFB6F8E8101}.Release|Any CPU.Build.0 = Release|Any CPU
	EndGlobalSection
	GlobalSection(SolutionProperties) = preSolution
		HideSolutionNode = FALSE
	EndGlobalSection
	GlobalSection(NestedProjects) = preSolution
		{460489F5-6783-4063-8BFF-6CEB4A3D698A} = {78AD6D24-1781-47DE-A6D9-CB16A7FD2FAF}
		{7B4CA703-589C-4060-A5F1-8D0DF57812EE} = {78AD6D24-1781-47DE-A6D9-CB16A7FD2FAF}
		{ACABBC47-9D71-48AF-828C-52129BF53F70} = {7B4CA703-589C-4060-A5F1-8D0DF57812EE}
		{F48BA4CB-5DAE-4F74-9446-49ED33BC1890} = {7B4CA703-589C-4060-A5F1-8D0DF57812EE}
		{F4B750C6-BD30-4305-99CD-CD9B4F428185} = {7B4CA703-589C-4060-A5F1-8D0DF57812EE}
		{842B7E20-14DD-4B00-968A-B29EC874FFEC} = {7B4CA703-589C-4060-A5F1-8D0DF57812EE}
		{B36994C7-959D-496E-8528-E84E2AF9799F} = {7B4CA703-589C-4060-A5F1-8D0DF57812EE}
		{C2EE7C9D-3A4F-40D4-BECE-3E3C9D7D3153} = {460489F5-6783-4063-8BFF-6CEB4A3D698A}
		{DCFF1F18-A2AB-4486-AC92-14B8560313CB} = {460489F5-6783-4063-8BFF-6CEB4A3D698A}
		{AD594A46-DDAF-472B-9DF6-5976119B8323} = {460489F5-6783-4063-8BFF-6CEB4A3D698A}
		{BD900078-3E0B-4D8F-B43B-5C82F09485C6} = {460489F5-6783-4063-8BFF-6CEB4A3D698A}
		{5DAFBABC-FD62-424C-8A09-8B3B06A11471} = {460489F5-6783-4063-8BFF-6CEB4A3D698A}
		{17343226-13AC-45D2-B9CE-BD81BDFBE7AA} = {460489F5-6783-4063-8BFF-6CEB4A3D698A}
		{9AE4F7B9-337E-4EC7-9C77-9958432E47FC} = {460489F5-6783-4063-8BFF-6CEB4A3D698A}
		{6C9227E4-3E6D-4C40-B55C-070FC4E1D02C} = {460489F5-6783-4063-8BFF-6CEB4A3D698A}
		{BDADB8B6-4CE2-40BA-931B-ACFB6F8E8101} = {460489F5-6783-4063-8BFF-6CEB4A3D698A}
	EndGlobalSection
EndGlobal
